
Microsoft Visual Studio Solution File, Format Version 12.00
# Visual Studio Version 16
VisualStudioVersion = 16.0.29503.13
MinimumVisualStudioVersion = 10.0.40219.1
Project("{2150E333-8FDC-42A3-9474-1A3956D46DE8}") = "src", "src", "{A263AD84-54A1-4232-A7ED-4179D6A02243}"
EndProject
Project("{2150E333-8FDC-42A3-9474-1A3956D46DE8}") = "test", "test", "{E80D4DD1-4C44-438D-9920-9602797694FB}"
EndProject
Project("{2150E333-8FDC-42A3-9474-1A3956D46DE8}") = "domain", "domain", "{18EA9B82-F5A5-4350-9B1D-9746F752C2FC}"
EndProject
Project("{2150E333-8FDC-42A3-9474-1A3956D46DE8}") = "application", "application", "{9981F56F-13ED-44FB-8FD2-809129F81D09}"
EndProject
Project("{2150E333-8FDC-42A3-9474-1A3956D46DE8}") = "infrastructure", "infrastructure", "{2549DC35-D488-4D4D-B387-4113F9B540BC}"
EndProject
Project("{2150E333-8FDC-42A3-9474-1A3956D46DE8}") = "service", "service", "{44FB0152-38F7-4BC4-9249-561BF58F4824}"
EndProject
Project("{FAE04EC0-301F-11D3-BF4B-00C04F79EFBC}") = "User.Center.Domain.Core", "src\domain\User.Center.Domain.Core\User.Center.Domain.Core.csproj", "{0AE953FF-ADC2-4448-8D49-CCB98F4D1D53}"
EndProject
Project("{FAE04EC0-301F-11D3-BF4B-00C04F79EFBC}") = "User.Center.Domain", "src\domain\User.Center.Domain\User.Center.Domain.csproj", "{F2F4697B-CB87-4FB8-8745-6F3B452B5CD8}"
EndProject
Project("{FAE04EC0-301F-11D3-BF4B-00C04F79EFBC}") = "User.Center.Application", "src\application\User.Center.Application\User.Center.Application.csproj", "{08D71E02-263B-4604-9801-D3C9FF1DDAE7}"
EndProject
Global
	GlobalSection(SolutionConfigurationPlatforms) = preSolution
		Debug|Any CPU = Debug|Any CPU
		Release|Any CPU = Release|Any CPU
	EndGlobalSection
	GlobalSection(ProjectConfigurationPlatforms) = postSolution
		{0AE953FF-ADC2-4448-8D49-CCB98F4D1D53}.Debug|Any CPU.ActiveCfg = Debug|Any CPU
		{0AE953FF-ADC2-4448-8D49-CCB98F4D1D53}.Debug|Any CPU.Build.0 = Debug|Any CPU
		{0AE953FF-ADC2-4448-8D49-CCB98F4D1D53}.Release|Any CPU.ActiveCfg = Release|Any CPU
		{0AE953FF-ADC2-4448-8D49-CCB98F4D1D53}.Release|Any CPU.Build.0 = Release|Any CPU
		{F2F4697B-CB87-4FB8-8745-6F3B452B5CD8}.Debug|Any CPU.ActiveCfg = Debug|Any CPU
		{F2F4697B-CB87-4FB8-8745-6F3B452B5CD8}.Debug|Any CPU.Build.0 = Debug|Any CPU
		{F2F4697B-CB87-4FB8-8745-6F3B452B5CD8}.Release|Any CPU.ActiveCfg = Release|Any CPU
		{F2F4697B-CB87-4FB8-8745-6F3B452B5CD8}.Release|Any CPU.Build.0 = Release|Any CPU
		{08D71E02-263B-4604-9801-D3C9FF1DDAE7}.Debug|Any CPU.ActiveCfg = Debug|Any CPU
		{08D71E02-263B-4604-9801-D3C9FF1DDAE7}.Debug|Any CPU.Build.0 = Debug|Any CPU
		{08D71E02-263B-4604-9801-D3C9FF1DDAE7}.Release|Any CPU.ActiveCfg = Release|Any CPU
		{08D71E02-263B-4604-9801-D3C9FF1DDAE7}.Release|Any CPU.Build.0 = Release|Any CPU
	EndGlobalSection
	GlobalSection(SolutionProperties) = preSolution
		HideSolutionNode = FALSE
	EndGlobalSection
	GlobalSection(NestedProjects) = preSolution
		{18EA9B82-F5A5-4350-9B1D-9746F752C2FC} = {A263AD84-54A1-4232-A7ED-4179D6A02243}
		{9981F56F-13ED-44FB-8FD2-809129F81D09} = {A263AD84-54A1-4232-A7ED-4179D6A02243}
		{2549DC35-D488-4D4D-B387-4113F9B540BC} = {A263AD84-54A1-4232-A7ED-4179D6A02243}
		{44FB0152-38F7-4BC4-9249-561BF58F4824} = {A263AD84-54A1-4232-A7ED-4179D6A02243}
		{0AE953FF-ADC2-4448-8D49-CCB98F4D1D53} = {18EA9B82-F5A5-4350-9B1D-9746F752C2FC}
		{F2F4697B-CB87-4FB8-8745-6F3B452B5CD8} = {18EA9B82-F5A5-4350-9B1D-9746F752C2FC}
		{08D71E02-263B-4604-9801-D3C9FF1DDAE7} = {9981F56F-13ED-44FB-8FD2-809129F81D09}
	EndGlobalSection
	GlobalSection(ExtensibilityGlobals) = postSolution
		SolutionGuid = {146346B2-E0CF-4FA2-8C8D-AA62B583F996}
	EndGlobalSection
EndGlobal
